
Microsoft Visual Studio Solution File, Format Version 12.00
# Visual Studio Version 17
VisualStudioVersion = 17.9.34723.18
MinimumVisualStudioVersion = 10.0.40219.1
Project("{9A19103F-16F7-4668-BE54-9A1E7A4F7556}") = "SharpEngineCore", "SharpEngineCore\SharpEngineCore.csproj", "{BFB7D2CB-28F8-49F1-B0D1-E5299B947007}"
EndProject
Project("{9A19103F-16F7-4668-BE54-9A1E7A4F7556}") = "SharpEngineBuildSystem", "SharpEngineBuildSystem\SharpEngineBuildSystem.csproj", "{B9BCF445-2042-4E78-92A9-DC79378B8F49}"
EndProject
Project("{9A19103F-16F7-4668-BE54-9A1E7A4F7556}") = "SharpEngineGame", "SharpEngineGame\SharpEngineGame.csproj", "{F7B81922-C7E0-41CF-B123-BB45C414A4B3}"
EndProject
Project("{FAE04EC0-301F-11D3-BF4B-00C04F79EFBC}") = "SharpEngineEditor", "SharpEngineEditor\SharpEngineEditor.csproj", "{0C6FC575-DD42-402F-AC12-861A22EED080}"
EndProject
Global
	GlobalSection(SolutionConfigurationPlatforms) = preSolution
		Debug|Any CPU = Debug|Any CPU
		Debug|x64 = Debug|x64
		Debug|x86 = Debug|x86
		Release|Any CPU = Release|Any CPU
		Release|x64 = Release|x64
		Release|x86 = Release|x86
	EndGlobalSection
	GlobalSection(ProjectConfigurationPlatforms) = postSolution
		{BFB7D2CB-28F8-49F1-B0D1-E5299B947007}.Debug|Any CPU.ActiveCfg = Debug|Any CPU
		{BFB7D2CB-28F8-49F1-B0D1-E5299B947007}.Debug|Any CPU.Build.0 = Debug|Any CPU
		{BFB7D2CB-28F8-49F1-B0D1-E5299B947007}.Debug|x64.ActiveCfg = Debug|x64
		{BFB7D2CB-28F8-49F1-B0D1-E5299B947007}.Debug|x64.Build.0 = Debug|x64
		{BFB7D2CB-28F8-49F1-B0D1-E5299B947007}.Debug|x86.ActiveCfg = Debug|Any CPU
		{BFB7D2CB-28F8-49F1-B0D1-E5299B947007}.Debug|x86.Build.0 = Debug|Any CPU
		{BFB7D2CB-28F8-49F1-B0D1-E5299B947007}.Release|Any CPU.ActiveCfg = Release|Any CPU
		{BFB7D2CB-28F8-49F1-B0D1-E5299B947007}.Release|Any CPU.Build.0 = Release|Any CPU
		{BFB7D2CB-28F8-49F1-B0D1-E5299B947007}.Release|x64.ActiveCfg = Release|x64
		{BFB7D2CB-28F8-49F1-B0D1-E5299B947007}.Release|x64.Build.0 = Release|x64
		{BFB7D2CB-28F8-49F1-B0D1-E5299B947007}.Release|x86.ActiveCfg = Release|Any CPU
		{BFB7D2CB-28F8-49F1-B0D1-E5299B947007}.Release|x86.Build.0 = Release|Any CPU
		{B9BCF445-2042-4E78-92A9-DC79378B8F49}.Debug|Any CPU.ActiveCfg = Debug|Any CPU
		{B9BCF445-2042-4E78-92A9-DC79378B8F49}.Debug|Any CPU.Build.0 = Debug|Any CPU
		{B9BCF445-2042-4E78-92A9-DC79378B8F49}.Debug|x64.ActiveCfg = Debug|Any CPU
		{B9BCF445-2042-4E78-92A9-DC79378B8F49}.Debug|x64.Build.0 = Debug|Any CPU
		{B9BCF445-2042-4E78-92A9-DC79378B8F49}.Debug|x86.ActiveCfg = Debug|Any CPU
		{B9BCF445-2042-4E78-92A9-DC79378B8F49}.Debug|x86.Build.0 = Debug|Any CPU
		{B9BCF445-2042-4E78-92A9-DC79378B8F49}.Release|Any CPU.ActiveCfg = Release|Any CPU
		{B9BCF445-2042-4E78-92A9-DC79378B8F49}.Release|Any CPU.Build.0 = Release|Any CPU
		{B9BCF445-2042-4E78-92A9-DC79378B8F49}.Release|x64.ActiveCfg = Release|Any CPU
		{B9BCF445-2042-4E78-92A9-DC79378B8F49}.Release|x64.Build.0 = Release|Any CPU
		{B9BCF445-2042-4E78-92A9-DC79378B8F49}.Release|x86.ActiveCfg = Release|Any CPU
		{B9BCF445-2042-4E78-92A9-DC79378B8F49}.Release|x86.Build.0 = Release|Any CPU
		{F7B81922-C7E0-41CF-B123-BB45C414A4B3}.Debug|Any CPU.ActiveCfg = Debug|Any CPU
		{F7B81922-C7E0-41CF-B123-BB45C414A4B3}.Debug|Any CPU.Build.0 = Debug|Any CPU
		{F7B81922-C7E0-41CF-B123-BB45C414A4B3}.Debug|x64.ActiveCfg = Debug|Any CPU
		{F7B81922-C7E0-41CF-B123-BB45C414A4B3}.Debug|x64.Build.0 = Debug|Any CPU
		{F7B81922-C7E0-41CF-B123-BB45C414A4B3}.Debug|x86.ActiveCfg = Debug|Any CPU
		{F7B81922-C7E0-41CF-B123-BB45C414A4B3}.Debug|x86.Build.0 = Debug|Any CPU
		{F7B81922-C7E0-41CF-B123-BB45C414A4B3}.Release|Any CPU.ActiveCfg = Release|Any CPU
		{F7B81922-C7E0-41CF-B123-BB45C414A4B3}.Release|Any CPU.Build.0 = Release|Any CPU
		{F7B81922-C7E0-41CF-B123-BB45C414A4B3}.Release|x64.ActiveCfg = Release|Any CPU
		{F7B81922-C7E0-41CF-B123-BB45C414A4B3}.Release|x64.Build.0 = Release|Any CPU
		{F7B81922-C7E0-41CF-B123-BB45C414A4B3}.Release|x86.ActiveCfg = Release|Any CPU
		{F7B81922-C7E0-41CF-B123-BB45C414A4B3}.Release|x86.Build.0 = Release|Any CPU
		{0C6FC575-DD42-402F-AC12-861A22EED080}.Debug|Any CPU.ActiveCfg = Debug|Any CPU
		{0C6FC575-DD42-402F-AC12-861A22EED080}.Debug|Any CPU.Build.0 = Debug|Any CPU
		{0C6FC575-DD42-402F-AC12-861A22EED080}.Debug|x64.ActiveCfg = Debug|Any CPU
		{0C6FC575-DD42-402F-AC12-861A22EED080}.Debug|x64.Build.0 = Debug|Any CPU
		{0C6FC575-DD42-402F-AC12-861A22EED080}.Debug|x86.ActiveCfg = Debug|Any CPU
		{0C6FC575-DD42-402F-AC12-861A22EED080}.Debug|x86.Build.0 = Debug|Any CPU
		{0C6FC575-DD42-402F-AC12-861A22EED080}.Release|Any CPU.ActiveCfg = Release|Any CPU
		{0C6FC575-DD42-402F-AC12-861A22EED080}.Release|Any CPU.Build.0 = Release|Any CPU
		{0C6FC575-DD42-402F-AC12-861A22EED080}.Release|x64.ActiveCfg = Release|Any CPU
		{0C6FC575-DD42-402F-AC12-861A22EED080}.Release|x64.Build.0 = Release|Any CPU
		{0C6FC575-DD42-402F-AC12-861A22EED080}.Release|x86.ActiveCfg = Release|Any CPU
		{0C6FC575-DD42-402F-AC12-861A22EED080}.Release|x86.Build.0 = Release|Any CPU
	EndGlobalSection
	GlobalSection(SolutionProperties) = preSolution
		HideSolutionNode = FALSE
	EndGlobalSection
	GlobalSection(ExtensibilityGlobals) = postSolution
		SolutionGuid = {3FF8FA35-F9CE-4CE8-AD4F-3C755CA15B1C}
	EndGlobalSection
EndGlobal
