
Microsoft Visual Studio Solution File, Format Version 12.00
# Visual Studio Version 17
VisualStudioVersion = 17.9.34723.18
MinimumVisualStudioVersion = 10.0.40219.1
Project("{9A19103F-16F7-4668-BE54-9A1E7A4F7556}") = "SharpEngineCore", "SharpEngineCore\SharpEngineCore.csproj", "{BFB7D2CB-28F8-49F1-B0D1-E5299B947007}"
EndProject
Global
	GlobalSection(SolutionConfigurationPlatforms) = preSolution
		Debug|Any CPU = Debug|Any CPU
		Debug|x64 = Debug|x64
		Debug|x86 = Debug|x86
		Release|Any CPU = Release|Any CPU
		Release|x64 = Release|x64
		Release|x86 = Release|x86
	EndGlobalSection
	GlobalSection(ProjectConfigurationPlatforms) = postSolution
		{BFB7D2CB-28F8-49F1-B0D1-E5299B947007}.Debug|Any CPU.ActiveCfg = Debug|Any CPU
		{BFB7D2CB-28F8-49F1-B0D1-E5299B947007}.Debug|Any CPU.Build.0 = Debug|Any CPU
		{BFB7D2CB-28F8-49F1-B0D1-E5299B947007}.Debug|x64.ActiveCfg = Debug|x64
		{BFB7D2CB-28F8-49F1-B0D1-E5299B947007}.Debug|x64.Build.0 = Debug|x64
		{BFB7D2CB-28F8-49F1-B0D1-E5299B947007}.Debug|x86.ActiveCfg = Debug|Any CPU
		{BFB7D2CB-28F8-49F1-B0D1-E5299B947007}.Debug|x86.Build.0 = Debug|Any CPU
		{BFB7D2CB-28F8-49F1-B0D1-E5299B947007}.Release|Any CPU.ActiveCfg = Release|Any CPU
		{BFB7D2CB-28F8-49F1-B0D1-E5299B947007}.Release|Any CPU.Build.0 = Release|Any CPU
		{BFB7D2CB-28F8-49F1-B0D1-E5299B947007}.Release|x64.ActiveCfg = Release|x64
		{BFB7D2CB-28F8-49F1-B0D1-E5299B947007}.Release|x64.Build.0 = Release|x64
		{BFB7D2CB-28F8-49F1-B0D1-E5299B947007}.Release|x86.ActiveCfg = Release|Any CPU
		{BFB7D2CB-28F8-49F1-B0D1-E5299B947007}.Release|x86.Build.0 = Release|Any CPU
	EndGlobalSection
	GlobalSection(SolutionProperties) = preSolution
		HideSolutionNode = FALSE
	EndGlobalSection
	GlobalSection(ExtensibilityGlobals) = postSolution
		SolutionGuid = {3FF8FA35-F9CE-4CE8-AD4F-3C755CA15B1C}
	EndGlobalSection
EndGlobal
